
Microsoft Visual Studio Solution File, Format Version 12.00
# Visual Studio Version 16
VisualStudioVersion = 16.0.31911.196
MinimumVisualStudioVersion = 10.0.40219.1
Project("{FAE04EC0-301F-11D3-BF4B-00C04F79EFBC}") = "BookArchive", "BookArchive.csproj", "{475103AA-E839-4058-9856-E4C55E83A412}"
EndProject
Global
	GlobalSection(SolutionConfigurationPlatforms) = preSolution
		Debug|Any CPU = Debug|Any CPU
		Release|Any CPU = Release|Any CPU
	EndGlobalSection
	GlobalSection(ProjectConfigurationPlatforms) = postSolution
		{475103AA-E839-4058-9856-E4C55E83A412}.Debug|Any CPU.ActiveCfg = Debug|Any CPU
		{475103AA-E839-4058-9856-E4C55E83A412}.Debug|Any CPU.Build.0 = Debug|Any CPU
		{475103AA-E839-4058-9856-E4C55E83A412}.Release|Any CPU.ActiveCfg = Release|Any CPU
		{475103AA-E839-4058-9856-E4C55E83A412}.Release|Any CPU.Build.0 = Release|Any CPU
	EndGlobalSection
	GlobalSection(SolutionProperties) = preSolution
		HideSolutionNode = FALSE
	EndGlobalSection
	GlobalSection(ExtensibilityGlobals) = postSolution
		SolutionGuid = {E47F036D-B67A-4F36-BA3B-1E33866BC240}
	EndGlobalSection
EndGlobal
